{
    "version": 3,
    "terraform_version": "0.9.0",
    "serial": 0,
    "lineage": "7009f274-04f5-4ebd-aa12-40bed8ab8d23",
    "modules": [
        {
            "path": [
                "root"
            ],
            "outputs": {},
            "resources": {
                "digitalocean_droplet.bootstrap_node": {
                    "type": "digitalocean_droplet",
                    "depends_on": [
                        "digitalocean_ssh_key.default",
                        "digitalocean_tag.cluster_tag"
                    ],
                    "primary": {
                        "id": "42527984",
                        "attributes": {
                            "disk": "30",
                            "id": "42527984",
                            "image": "ubuntu-16-04-x64",
                            "ipv4_address": "178.62.125.118",
                            "ipv4_address_private": "10.131.42.78",
                            "locked": "false",
                            "name": "bootstrap-node",
                            "private_networking": "true",
                            "region": "lon1",
                            "resize_disk": "true",
                            "size": "1gb",
                            "ssh_keys.#": "1",
                            "ssh_keys.0": "7284567",
                            "status": "active",
                            "tags.#": "1",
                            "tags.0": "hands-on-kubernetes-workshop",
                            "vcpus": "1"
                        },
                        "meta": {},
                        "tainted": false
                    },
                    "deposed": [],
                    "provider": ""
                },
                "digitalocean_droplet.etcd_nodes": {
                    "type": "digitalocean_droplet",
                    "depends_on": [
                        "digitalocean_ssh_key.default",
                        "digitalocean_tag.cluster_tag"
                    ],
                    "primary": {
                        "id": "42527983",
                        "attributes": {
                            "disk": "30",
                            "id": "42527983",
                            "image": "ubuntu-16-04-x64",
                            "ipv4_address": "178.62.124.57",
                            "ipv4_address_private": "10.131.42.77",
                            "locked": "false",
                            "name": "etcd1",
                            "private_networking": "true",
                            "region": "lon1",
                            "resize_disk": "true",
                            "size": "1gb",
                            "ssh_keys.#": "1",
                            "ssh_keys.0": "7284567",
                            "status": "active",
                            "tags.#": "1",
                            "tags.0": "hands-on-kubernetes-workshop",
                            "vcpus": "1"
                        },
                        "meta": {},
                        "tainted": false
                    },
                    "deposed": [],
                    "provider": ""
                },
                "digitalocean_droplet.ingress_nodes": {
                    "type": "digitalocean_droplet",
                    "depends_on": [
                        "digitalocean_ssh_key.default",
                        "digitalocean_tag.cluster_tag"
                    ],
                    "primary": {
                        "id": "42527985",
                        "attributes": {
                            "disk": "30",
                            "id": "42527985",
                            "image": "ubuntu-16-04-x64",
                            "ipv4_address": "178.62.127.41",
                            "ipv4_address_private": "10.131.42.86",
                            "locked": "false",
                            "name": "ingress1",
                            "private_networking": "true",
                            "region": "lon1",
                            "resize_disk": "true",
                            "size": "1gb",
                            "ssh_keys.#": "1",
                            "ssh_keys.0": "7284567",
                            "status": "active",
                            "tags.#": "1",
                            "tags.0": "hands-on-kubernetes-workshop",
                            "vcpus": "1"
                        },
                        "meta": {},
                        "tainted": false
                    },
                    "deposed": [],
                    "provider": ""
                },
                "digitalocean_droplet.master_nodes": {
                    "type": "digitalocean_droplet",
                    "depends_on": [
                        "digitalocean_ssh_key.default",
                        "digitalocean_tag.cluster_tag"
                    ],
                    "primary": {
                        "id": "42527982",
                        "attributes": {
                            "disk": "30",
                            "id": "42527982",
                            "image": "ubuntu-16-04-x64",
                            "ipv4_address": "178.62.123.107",
                            "ipv4_address_private": "10.131.42.76",
                            "locked": "false",
                            "name": "master1",
                            "private_networking": "true",
                            "region": "lon1",
                            "resize_disk": "true",
                            "size": "1gb",
                            "ssh_keys.#": "1",
                            "ssh_keys.0": "7284567",
                            "status": "active",
                            "tags.#": "1",
                            "tags.0": "hands-on-kubernetes-workshop",
                            "vcpus": "1"
                        },
                        "meta": {},
                        "tainted": false
                    },
                    "deposed": [],
                    "provider": ""
                },
                "digitalocean_droplet.worker_nodes": {
                    "type": "digitalocean_droplet",
                    "depends_on": [
                        "digitalocean_ssh_key.default",
                        "digitalocean_tag.cluster_tag"
                    ],
                    "primary": {
                        "id": "42527980",
                        "attributes": {
                            "disk": "30",
                            "id": "42527980",
                            "image": "ubuntu-16-04-x64",
                            "ipv4_address": "178.62.119.86",
                            "ipv4_address_private": "10.131.42.75",
                            "locked": "false",
                            "name": "worker1",
                            "private_networking": "true",
                            "region": "lon1",
                            "resize_disk": "true",
                            "size": "1gb",
                            "ssh_keys.#": "1",
                            "ssh_keys.0": "7284567",
                            "status": "active",
                            "tags.#": "1",
                            "tags.0": "hands-on-kubernetes-workshop",
                            "vcpus": "1"
                        },
                        "meta": {},
                        "tainted": false
                    },
                    "deposed": [],
                    "provider": ""
                },
                "digitalocean_ssh_key.default": {
                    "type": "digitalocean_ssh_key",
                    "depends_on": [],
                    "primary": {
                        "id": "7284567",
                        "attributes": {
                            "fingerprint": "bf:48:08:f4:42:9c:85:fe:d6:f0:ac:bc:f7:d6:1d:cc",
                            "id": "7284567",
                            "name": "SSH Key for Terraform",
                            "public_key": "ssh-rsa AAAAB3NzaC1yc2EAAAADAQABAAACAQDUVhXB6CdYuFaQCxE4onExgOmW65P7w41m4GEmRxS1frpkqaUxiH7kFEEStQwzTRfHReHR+KxdYnU5TheQZ0J/n0T1ztGbVF+69NV2xKVmgn424Ea0E8wLSee8F7TWS9nhQTVilHw/Y8akg6ZnLCiGY+SUX1L7T574LCX8yH+lxAuDBPY0Y6qLIsF9STTenw4RN5IrulmTYhG1z6Khc6BON5UqRInMrw2fhYkVLcx6b4+oOKBDQgzMBMgYpY+hy19RSOmHqKmuwxe8atfhv2T4MVi59CoVKJeDXkZzymn4Com7a5kust6JDByrPaiNfkq0aM9T7jpEVF07E2A1xRlij9DdIuZ8hC1cAjCtM0wfTuMJSfWkHgpHTuZz2ujtg1E1WSiWRT46z1Nl+8g0rGh/vcwD0whwYbziDNgTQVsA+9RAOf61j+1ARkZ89a7bozgU/8IpYHLRBv3X1JcfLIETHwsHq6+hVqAiUVE6I4KqMnPfmSXu4hkI+MXAUiauaadntWUHbajxVS9VUjUQH0BQXyQFJdHtwpHSN1y9xolrIePtSUeH1wdfanp5Uface7gbWtjk1TcWLBsc3gcWI18V4wI6zrJMSNKI890DN00cidaMC/cae4aKPWqQkR0TPzRI9PpCHGf8dDka2AKyDQfGVnZELmP6Q1cg+Mqj7bx4QQ=="
                        },
                        "meta": {},
                        "tainted": false
                    },
                    "deposed": [],
                    "provider": ""
                },
                "digitalocean_tag.cluster_tag": {
                    "type": "digitalocean_tag",
                    "depends_on": [],
                    "primary": {
                        "id": "hands-on-kubernetes-workshop",
                        "attributes": {
                            "id": "hands-on-kubernetes-workshop",
                            "name": "hands-on-kubernetes-workshop"
                        },
                        "meta": {},
                        "tainted": false
                    },
                    "deposed": [],
                    "provider": ""
                }
            },
            "depends_on": []
        }
    ]
}
